
Microsoft Visual Studio Solution File, Format Version 12.00
# Visual Studio Version 16
VisualStudioVersion = 16.0.32510.428
MinimumVisualStudioVersion = 10.0.40219.1
Project("{FAE04EC0-301F-11D3-BF4B-00C04F79EFBC}") = "ConsoleApp1", "ConsoleApp1\ConsoleApp1.csproj", "{1E87E323-B5A2-4FC9-9F2E-DAB23318459C}"
EndProject
Global
	GlobalSection(SolutionConfigurationPlatforms) = preSolution
		Debug|Any CPU = Debug|Any CPU
		Release|Any CPU = Release|Any CPU
	EndGlobalSection
	GlobalSection(ProjectConfigurationPlatforms) = postSolution
		{1E87E323-B5A2-4FC9-9F2E-DAB23318459C}.Debug|Any CPU.ActiveCfg = Debug|Any CPU
		{1E87E323-B5A2-4FC9-9F2E-DAB23318459C}.Debug|Any CPU.Build.0 = Debug|Any CPU
		{1E87E323-B5A2-4FC9-9F2E-DAB23318459C}.Release|Any CPU.ActiveCfg = Release|Any CPU
		{1E87E323-B5A2-4FC9-9F2E-DAB23318459C}.Release|Any CPU.Build.0 = Release|Any CPU
	EndGlobalSection
	GlobalSection(SolutionProperties) = preSolution
		HideSolutionNode = FALSE
	EndGlobalSection
	GlobalSection(ExtensibilityGlobals) = postSolution
		SolutionGuid = {46206C9A-FF65-4599-A16C-DCF0A9A597C9}
	EndGlobalSection
EndGlobal
